
Microsoft Visual Studio Solution File, Format Version 12.00
# Visual Studio 15
VisualStudioVersion = 15.0.26730.3
MinimumVisualStudioVersion = 10.0.40219.1
Project("{FAE04EC0-301F-11D3-BF4B-00C04F79EFBC}") = "SolidPrinciples", "SolidPrinciples\SolidPrinciples.csproj", "{F25857CB-4CF6-44BA-9C90-CE389D1F5022}"
EndProject
Global
	GlobalSection(SolutionConfigurationPlatforms) = preSolution
		Debug|Any CPU = Debug|Any CPU
		Release|Any CPU = Release|Any CPU
	EndGlobalSection
	GlobalSection(ProjectConfigurationPlatforms) = postSolution
		{F25857CB-4CF6-44BA-9C90-CE389D1F5022}.Debug|Any CPU.ActiveCfg = Debug|Any CPU
		{F25857CB-4CF6-44BA-9C90-CE389D1F5022}.Debug|Any CPU.Build.0 = Debug|Any CPU
		{F25857CB-4CF6-44BA-9C90-CE389D1F5022}.Release|Any CPU.ActiveCfg = Release|Any CPU
		{F25857CB-4CF6-44BA-9C90-CE389D1F5022}.Release|Any CPU.Build.0 = Release|Any CPU
	EndGlobalSection
	GlobalSection(SolutionProperties) = preSolution
		HideSolutionNode = FALSE
	EndGlobalSection
	GlobalSection(ExtensibilityGlobals) = postSolution
		SolutionGuid = {1F831427-FA9B-418E-9265-DD987954B5E9}
	EndGlobalSection
EndGlobal
