
Microsoft Visual Studio Solution File, Format Version 12.00
# Visual Studio 15
VisualStudioVersion = 15.0.26730.3
MinimumVisualStudioVersion = 10.0.40219.1
Project("{FAE04EC0-301F-11D3-BF4B-00C04F79EFBC}") = "AbstractFactory", "AbstractFactory\AbstractFactory.csproj", "{9EE9E0F1-9E63-4E41-9F69-57A7F920DEED}"
EndProject
Project("{FAE04EC0-301F-11D3-BF4B-00C04F79EFBC}") = "Builder", "Builder\Builder.csproj", "{3B689A3A-8C26-4728-AD2B-B2C7B9ED3F26}"
EndProject
Project("{FAE04EC0-301F-11D3-BF4B-00C04F79EFBC}") = "Prototype", "Prototype\Prototype.csproj", "{012AB149-1D59-471E-B8CE-0F51E7D200A5}"
EndProject
Project("{FAE04EC0-301F-11D3-BF4B-00C04F79EFBC}") = "Singleton", "Singleton\Singleton.csproj", "{05A7C601-AA27-4BBA-983E-A4603EB54D96}"
EndProject
Project("{2150E333-8FDC-42A3-9474-1A3956D46DE8}") = "CreationalPatterns", "CreationalPatterns", "{EE81EC53-2AA0-42C8-8088-C5A43A239ECE}"
EndProject
Project("{2150E333-8FDC-42A3-9474-1A3956D46DE8}") = "StructuralPatterns", "StructuralPatterns", "{92663B1E-E161-41F9-BB7F-1B4768121755}"
EndProject
Project("{2150E333-8FDC-42A3-9474-1A3956D46DE8}") = "BehavioralPatterns", "BehavioralPatterns", "{E6BB66A4-AF68-488D-A9C6-1BF58D045475}"
EndProject
Project("{FAE04EC0-301F-11D3-BF4B-00C04F79EFBC}") = "FactoryMethod", "FactoryMethod\FactoryMethod.csproj", "{B03977E7-2C5D-4A0C-8791-49931BDE4376}"
EndProject
Project("{FAE04EC0-301F-11D3-BF4B-00C04F79EFBC}") = "Facade", "Facade\FacadeDemo\FacadeDemo\Facade.csproj", "{F98822BA-BA23-4604-8617-B143273C8ED9}"
EndProject
Project("{FAE04EC0-301F-11D3-BF4B-00C04F79EFBC}") = "Adapter", "Adapter\Adapter.csproj", "{A5D839FE-B8EF-41D2-B2E6-EBEFAA426945}"
EndProject
Project("{FAE04EC0-301F-11D3-BF4B-00C04F79EFBC}") = "Common", "Common\Common.csproj", "{86B6B316-0E09-4299-B445-C830C2F94A37}"
EndProject
Project("{FAE04EC0-301F-11D3-BF4B-00C04F79EFBC}") = "Decorator", "Decorator\Decorator.csproj", "{762910C9-2A82-4A30-AB6D-26A944934C00}"
EndProject
Project("{FAE04EC0-301F-11D3-BF4B-00C04F79EFBC}") = "TemplateMethod", "TemplateMethod\TemplateMethod.csproj", "{6F46868D-D9A2-49DE-9C4D-25DA07EB178E}"
EndProject
Project("{FAE04EC0-301F-11D3-BF4B-00C04F79EFBC}") = "StrategyClient", "Strategy\StrategyClient.csproj", "{707D31E0-1720-4F09-9E97-DA84DB259C8C}"
EndProject
Project("{FAE04EC0-301F-11D3-BF4B-00C04F79EFBC}") = "Strategies", "Strategies\Strategies.csproj", "{87E018FC-6BC6-4CB9-8261-B5AF1B322FAE}"
EndProject
Project("{FAE04EC0-301F-11D3-BF4B-00C04F79EFBC}") = "Observer", "Observer\Observer.csproj", "{78B4A3D4-DEE7-4682-BEC6-DBC1B54C4F88}"
EndProject
Project("{FAE04EC0-301F-11D3-BF4B-00C04F79EFBC}") = "Iterator-Simple", "IteratorNETSimple\NETSimpleIterator\Iterator-Simple.csproj", "{F543034A-3A97-4858-85A6-F98357EA5FE4}"
EndProject
Project("{FAE04EC0-301F-11D3-BF4B-00C04F79EFBC}") = "Bridge", "Bridge\Bridge.csproj", "{51955C6F-AFD7-442F-BB2D-9BA44FBFB847}"
EndProject
Project("{FAE04EC0-301F-11D3-BF4B-00C04F79EFBC}") = "Composite", "Composite\Composite.csproj", "{ABBF32F6-4DA5-4726-81F3-AD68C3EBDB0D}"
EndProject
Project("{FAE04EC0-301F-11D3-BF4B-00C04F79EFBC}") = "Flyweight", "Flyweight\Flyweight.csproj", "{AD897142-E69E-40FF-8A60-5DB7C5B956D8}"
EndProject
Project("{FAE04EC0-301F-11D3-BF4B-00C04F79EFBC}") = "Proxy", "Proxy\Proxy.csproj", "{741CD90C-6F5A-480C-A53F-8853F611790F}"
EndProject
Project("{FAE04EC0-301F-11D3-BF4B-00C04F79EFBC}") = "ChainResp", "ChainResp\ChainResp.csproj", "{F6C6A87F-F736-40EB-8B7B-A5E0AC6CA25E}"
EndProject
Project("{FAE04EC0-301F-11D3-BF4B-00C04F79EFBC}") = "Command", "Command\Command.csproj", "{6F782B26-D1AC-4FA0-9952-A6266FB441EA}"
EndProject
Project("{FAE04EC0-301F-11D3-BF4B-00C04F79EFBC}") = "Interpreter", "Interpreter\Interpreter.csproj", "{D63E412D-A185-4205-9D5E-C68EF615C84A}"
EndProject
Project("{FAE04EC0-301F-11D3-BF4B-00C04F79EFBC}") = "Mediator", "Mediator\Mediator.csproj", "{F7976C6B-1478-4186-BC52-F068376B06D1}"
EndProject
Project("{FAE04EC0-301F-11D3-BF4B-00C04F79EFBC}") = "Memento", "Memento\Memento.csproj", "{24B4BCA4-5C44-46B8-973D-86DE475D1511}"
EndProject
Project("{FAE04EC0-301F-11D3-BF4B-00C04F79EFBC}") = "State", "State\State.csproj", "{9B472A24-745E-4199-BB47-8C7F4685E200}"
EndProject
Project("{FAE04EC0-301F-11D3-BF4B-00C04F79EFBC}") = "Visitor", "Visitor\Visitor.csproj", "{ADD79892-F15B-4602-9C5E-CF0EC5D23D02}"
EndProject
Global
	GlobalSection(SolutionConfigurationPlatforms) = preSolution
		Debug|Any CPU = Debug|Any CPU
		Debug|x86 = Debug|x86
		Release|Any CPU = Release|Any CPU
		Release|x86 = Release|x86
	EndGlobalSection
	GlobalSection(ProjectConfigurationPlatforms) = postSolution
		{9EE9E0F1-9E63-4E41-9F69-57A7F920DEED}.Debug|Any CPU.ActiveCfg = Debug|Any CPU
		{9EE9E0F1-9E63-4E41-9F69-57A7F920DEED}.Debug|Any CPU.Build.0 = Debug|Any CPU
		{9EE9E0F1-9E63-4E41-9F69-57A7F920DEED}.Debug|x86.ActiveCfg = Debug|Any CPU
		{9EE9E0F1-9E63-4E41-9F69-57A7F920DEED}.Debug|x86.Build.0 = Debug|Any CPU
		{9EE9E0F1-9E63-4E41-9F69-57A7F920DEED}.Release|Any CPU.ActiveCfg = Release|Any CPU
		{9EE9E0F1-9E63-4E41-9F69-57A7F920DEED}.Release|Any CPU.Build.0 = Release|Any CPU
		{9EE9E0F1-9E63-4E41-9F69-57A7F920DEED}.Release|x86.ActiveCfg = Release|Any CPU
		{9EE9E0F1-9E63-4E41-9F69-57A7F920DEED}.Release|x86.Build.0 = Release|Any CPU
		{3B689A3A-8C26-4728-AD2B-B2C7B9ED3F26}.Debug|Any CPU.ActiveCfg = Debug|Any CPU
		{3B689A3A-8C26-4728-AD2B-B2C7B9ED3F26}.Debug|Any CPU.Build.0 = Debug|Any CPU
		{3B689A3A-8C26-4728-AD2B-B2C7B9ED3F26}.Debug|x86.ActiveCfg = Debug|Any CPU
		{3B689A3A-8C26-4728-AD2B-B2C7B9ED3F26}.Debug|x86.Build.0 = Debug|Any CPU
		{3B689A3A-8C26-4728-AD2B-B2C7B9ED3F26}.Release|Any CPU.ActiveCfg = Release|Any CPU
		{3B689A3A-8C26-4728-AD2B-B2C7B9ED3F26}.Release|Any CPU.Build.0 = Release|Any CPU
		{3B689A3A-8C26-4728-AD2B-B2C7B9ED3F26}.Release|x86.ActiveCfg = Release|Any CPU
		{3B689A3A-8C26-4728-AD2B-B2C7B9ED3F26}.Release|x86.Build.0 = Release|Any CPU
		{012AB149-1D59-471E-B8CE-0F51E7D200A5}.Debug|Any CPU.ActiveCfg = Debug|Any CPU
		{012AB149-1D59-471E-B8CE-0F51E7D200A5}.Debug|Any CPU.Build.0 = Debug|Any CPU
		{012AB149-1D59-471E-B8CE-0F51E7D200A5}.Debug|x86.ActiveCfg = Debug|Any CPU
		{012AB149-1D59-471E-B8CE-0F51E7D200A5}.Debug|x86.Build.0 = Debug|Any CPU
		{012AB149-1D59-471E-B8CE-0F51E7D200A5}.Release|Any CPU.ActiveCfg = Release|Any CPU
		{012AB149-1D59-471E-B8CE-0F51E7D200A5}.Release|Any CPU.Build.0 = Release|Any CPU
		{012AB149-1D59-471E-B8CE-0F51E7D200A5}.Release|x86.ActiveCfg = Release|Any CPU
		{012AB149-1D59-471E-B8CE-0F51E7D200A5}.Release|x86.Build.0 = Release|Any CPU
		{05A7C601-AA27-4BBA-983E-A4603EB54D96}.Debug|Any CPU.ActiveCfg = Debug|Any CPU
		{05A7C601-AA27-4BBA-983E-A4603EB54D96}.Debug|Any CPU.Build.0 = Debug|Any CPU
		{05A7C601-AA27-4BBA-983E-A4603EB54D96}.Debug|x86.ActiveCfg = Debug|Any CPU
		{05A7C601-AA27-4BBA-983E-A4603EB54D96}.Debug|x86.Build.0 = Debug|Any CPU
		{05A7C601-AA27-4BBA-983E-A4603EB54D96}.Release|Any CPU.ActiveCfg = Release|Any CPU
		{05A7C601-AA27-4BBA-983E-A4603EB54D96}.Release|Any CPU.Build.0 = Release|Any CPU
		{05A7C601-AA27-4BBA-983E-A4603EB54D96}.Release|x86.ActiveCfg = Release|Any CPU
		{05A7C601-AA27-4BBA-983E-A4603EB54D96}.Release|x86.Build.0 = Release|Any CPU
		{B03977E7-2C5D-4A0C-8791-49931BDE4376}.Debug|Any CPU.ActiveCfg = Debug|Any CPU
		{B03977E7-2C5D-4A0C-8791-49931BDE4376}.Debug|Any CPU.Build.0 = Debug|Any CPU
		{B03977E7-2C5D-4A0C-8791-49931BDE4376}.Debug|x86.ActiveCfg = Debug|Any CPU
		{B03977E7-2C5D-4A0C-8791-49931BDE4376}.Debug|x86.Build.0 = Debug|Any CPU
		{B03977E7-2C5D-4A0C-8791-49931BDE4376}.Release|Any CPU.ActiveCfg = Release|Any CPU
		{B03977E7-2C5D-4A0C-8791-49931BDE4376}.Release|Any CPU.Build.0 = Release|Any CPU
		{B03977E7-2C5D-4A0C-8791-49931BDE4376}.Release|x86.ActiveCfg = Release|Any CPU
		{B03977E7-2C5D-4A0C-8791-49931BDE4376}.Release|x86.Build.0 = Release|Any CPU
		{F98822BA-BA23-4604-8617-B143273C8ED9}.Debug|Any CPU.ActiveCfg = Debug|Any CPU
		{F98822BA-BA23-4604-8617-B143273C8ED9}.Debug|Any CPU.Build.0 = Debug|Any CPU
		{F98822BA-BA23-4604-8617-B143273C8ED9}.Debug|x86.ActiveCfg = Debug|Any CPU
		{F98822BA-BA23-4604-8617-B143273C8ED9}.Debug|x86.Build.0 = Debug|Any CPU
		{F98822BA-BA23-4604-8617-B143273C8ED9}.Release|Any CPU.ActiveCfg = Release|Any CPU
		{F98822BA-BA23-4604-8617-B143273C8ED9}.Release|Any CPU.Build.0 = Release|Any CPU
		{F98822BA-BA23-4604-8617-B143273C8ED9}.Release|x86.ActiveCfg = Release|Any CPU
		{F98822BA-BA23-4604-8617-B143273C8ED9}.Release|x86.Build.0 = Release|Any CPU
		{A5D839FE-B8EF-41D2-B2E6-EBEFAA426945}.Debug|Any CPU.ActiveCfg = Debug|Any CPU
		{A5D839FE-B8EF-41D2-B2E6-EBEFAA426945}.Debug|Any CPU.Build.0 = Debug|Any CPU
		{A5D839FE-B8EF-41D2-B2E6-EBEFAA426945}.Debug|x86.ActiveCfg = Debug|Any CPU
		{A5D839FE-B8EF-41D2-B2E6-EBEFAA426945}.Debug|x86.Build.0 = Debug|Any CPU
		{A5D839FE-B8EF-41D2-B2E6-EBEFAA426945}.Release|Any CPU.ActiveCfg = Release|Any CPU
		{A5D839FE-B8EF-41D2-B2E6-EBEFAA426945}.Release|Any CPU.Build.0 = Release|Any CPU
		{A5D839FE-B8EF-41D2-B2E6-EBEFAA426945}.Release|x86.ActiveCfg = Release|Any CPU
		{A5D839FE-B8EF-41D2-B2E6-EBEFAA426945}.Release|x86.Build.0 = Release|Any CPU
		{86B6B316-0E09-4299-B445-C830C2F94A37}.Debug|Any CPU.ActiveCfg = Debug|Any CPU
		{86B6B316-0E09-4299-B445-C830C2F94A37}.Debug|Any CPU.Build.0 = Debug|Any CPU
		{86B6B316-0E09-4299-B445-C830C2F94A37}.Debug|x86.ActiveCfg = Debug|Any CPU
		{86B6B316-0E09-4299-B445-C830C2F94A37}.Debug|x86.Build.0 = Debug|Any CPU
		{86B6B316-0E09-4299-B445-C830C2F94A37}.Release|Any CPU.ActiveCfg = Release|Any CPU
		{86B6B316-0E09-4299-B445-C830C2F94A37}.Release|Any CPU.Build.0 = Release|Any CPU
		{86B6B316-0E09-4299-B445-C830C2F94A37}.Release|x86.ActiveCfg = Release|Any CPU
		{86B6B316-0E09-4299-B445-C830C2F94A37}.Release|x86.Build.0 = Release|Any CPU
		{762910C9-2A82-4A30-AB6D-26A944934C00}.Debug|Any CPU.ActiveCfg = Debug|x86
		{762910C9-2A82-4A30-AB6D-26A944934C00}.Debug|x86.ActiveCfg = Debug|x86
		{762910C9-2A82-4A30-AB6D-26A944934C00}.Debug|x86.Build.0 = Debug|x86
		{762910C9-2A82-4A30-AB6D-26A944934C00}.Release|Any CPU.ActiveCfg = Release|x86
		{762910C9-2A82-4A30-AB6D-26A944934C00}.Release|x86.ActiveCfg = Release|x86
		{762910C9-2A82-4A30-AB6D-26A944934C00}.Release|x86.Build.0 = Release|x86
		{6F46868D-D9A2-49DE-9C4D-25DA07EB178E}.Debug|Any CPU.ActiveCfg = Debug|x86
		{6F46868D-D9A2-49DE-9C4D-25DA07EB178E}.Debug|x86.ActiveCfg = Debug|x86
		{6F46868D-D9A2-49DE-9C4D-25DA07EB178E}.Debug|x86.Build.0 = Debug|x86
		{6F46868D-D9A2-49DE-9C4D-25DA07EB178E}.Release|Any CPU.ActiveCfg = Release|x86
		{6F46868D-D9A2-49DE-9C4D-25DA07EB178E}.Release|x86.ActiveCfg = Release|x86
		{6F46868D-D9A2-49DE-9C4D-25DA07EB178E}.Release|x86.Build.0 = Release|x86
		{707D31E0-1720-4F09-9E97-DA84DB259C8C}.Debug|Any CPU.ActiveCfg = Debug|Any CPU
		{707D31E0-1720-4F09-9E97-DA84DB259C8C}.Debug|Any CPU.Build.0 = Debug|Any CPU
		{707D31E0-1720-4F09-9E97-DA84DB259C8C}.Debug|x86.ActiveCfg = Debug|Any CPU
		{707D31E0-1720-4F09-9E97-DA84DB259C8C}.Debug|x86.Build.0 = Debug|Any CPU
		{707D31E0-1720-4F09-9E97-DA84DB259C8C}.Release|Any CPU.ActiveCfg = Release|Any CPU
		{707D31E0-1720-4F09-9E97-DA84DB259C8C}.Release|Any CPU.Build.0 = Release|Any CPU
		{707D31E0-1720-4F09-9E97-DA84DB259C8C}.Release|x86.ActiveCfg = Release|Any CPU
		{707D31E0-1720-4F09-9E97-DA84DB259C8C}.Release|x86.Build.0 = Release|Any CPU
		{87E018FC-6BC6-4CB9-8261-B5AF1B322FAE}.Debug|Any CPU.ActiveCfg = Debug|Any CPU
		{87E018FC-6BC6-4CB9-8261-B5AF1B322FAE}.Debug|Any CPU.Build.0 = Debug|Any CPU
		{87E018FC-6BC6-4CB9-8261-B5AF1B322FAE}.Debug|x86.ActiveCfg = Debug|Any CPU
		{87E018FC-6BC6-4CB9-8261-B5AF1B322FAE}.Debug|x86.Build.0 = Debug|Any CPU
		{87E018FC-6BC6-4CB9-8261-B5AF1B322FAE}.Release|Any CPU.ActiveCfg = Release|Any CPU
		{87E018FC-6BC6-4CB9-8261-B5AF1B322FAE}.Release|Any CPU.Build.0 = Release|Any CPU
		{87E018FC-6BC6-4CB9-8261-B5AF1B322FAE}.Release|x86.ActiveCfg = Release|Any CPU
		{87E018FC-6BC6-4CB9-8261-B5AF1B322FAE}.Release|x86.Build.0 = Release|Any CPU
		{78B4A3D4-DEE7-4682-BEC6-DBC1B54C4F88}.Debug|Any CPU.ActiveCfg = Debug|x86
		{78B4A3D4-DEE7-4682-BEC6-DBC1B54C4F88}.Debug|x86.ActiveCfg = Debug|x86
		{78B4A3D4-DEE7-4682-BEC6-DBC1B54C4F88}.Debug|x86.Build.0 = Debug|x86
		{78B4A3D4-DEE7-4682-BEC6-DBC1B54C4F88}.Release|Any CPU.ActiveCfg = Release|x86
		{78B4A3D4-DEE7-4682-BEC6-DBC1B54C4F88}.Release|x86.ActiveCfg = Release|x86
		{78B4A3D4-DEE7-4682-BEC6-DBC1B54C4F88}.Release|x86.Build.0 = Release|x86
		{F543034A-3A97-4858-85A6-F98357EA5FE4}.Debug|Any CPU.ActiveCfg = Debug|Any CPU
		{F543034A-3A97-4858-85A6-F98357EA5FE4}.Debug|Any CPU.Build.0 = Debug|Any CPU
		{F543034A-3A97-4858-85A6-F98357EA5FE4}.Debug|x86.ActiveCfg = Debug|Any CPU
		{F543034A-3A97-4858-85A6-F98357EA5FE4}.Debug|x86.Build.0 = Debug|Any CPU
		{F543034A-3A97-4858-85A6-F98357EA5FE4}.Release|Any CPU.ActiveCfg = Release|Any CPU
		{F543034A-3A97-4858-85A6-F98357EA5FE4}.Release|Any CPU.Build.0 = Release|Any CPU
		{F543034A-3A97-4858-85A6-F98357EA5FE4}.Release|x86.ActiveCfg = Release|Any CPU
		{F543034A-3A97-4858-85A6-F98357EA5FE4}.Release|x86.Build.0 = Release|Any CPU
		{51955C6F-AFD7-442F-BB2D-9BA44FBFB847}.Debug|Any CPU.ActiveCfg = Debug|Any CPU
		{51955C6F-AFD7-442F-BB2D-9BA44FBFB847}.Debug|Any CPU.Build.0 = Debug|Any CPU
		{51955C6F-AFD7-442F-BB2D-9BA44FBFB847}.Debug|x86.ActiveCfg = Debug|Any CPU
		{51955C6F-AFD7-442F-BB2D-9BA44FBFB847}.Debug|x86.Build.0 = Debug|Any CPU
		{51955C6F-AFD7-442F-BB2D-9BA44FBFB847}.Release|Any CPU.ActiveCfg = Release|Any CPU
		{51955C6F-AFD7-442F-BB2D-9BA44FBFB847}.Release|Any CPU.Build.0 = Release|Any CPU
		{51955C6F-AFD7-442F-BB2D-9BA44FBFB847}.Release|x86.ActiveCfg = Release|Any CPU
		{51955C6F-AFD7-442F-BB2D-9BA44FBFB847}.Release|x86.Build.0 = Release|Any CPU
		{ABBF32F6-4DA5-4726-81F3-AD68C3EBDB0D}.Debug|Any CPU.ActiveCfg = Debug|Any CPU
		{ABBF32F6-4DA5-4726-81F3-AD68C3EBDB0D}.Debug|Any CPU.Build.0 = Debug|Any CPU
		{ABBF32F6-4DA5-4726-81F3-AD68C3EBDB0D}.Debug|x86.ActiveCfg = Debug|Any CPU
		{ABBF32F6-4DA5-4726-81F3-AD68C3EBDB0D}.Debug|x86.Build.0 = Debug|Any CPU
		{ABBF32F6-4DA5-4726-81F3-AD68C3EBDB0D}.Release|Any CPU.ActiveCfg = Release|Any CPU
		{ABBF32F6-4DA5-4726-81F3-AD68C3EBDB0D}.Release|Any CPU.Build.0 = Release|Any CPU
		{ABBF32F6-4DA5-4726-81F3-AD68C3EBDB0D}.Release|x86.ActiveCfg = Release|Any CPU
		{ABBF32F6-4DA5-4726-81F3-AD68C3EBDB0D}.Release|x86.Build.0 = Release|Any CPU
		{AD897142-E69E-40FF-8A60-5DB7C5B956D8}.Debug|Any CPU.ActiveCfg = Debug|Any CPU
		{AD897142-E69E-40FF-8A60-5DB7C5B956D8}.Debug|Any CPU.Build.0 = Debug|Any CPU
		{AD897142-E69E-40FF-8A60-5DB7C5B956D8}.Debug|x86.ActiveCfg = Debug|Any CPU
		{AD897142-E69E-40FF-8A60-5DB7C5B956D8}.Debug|x86.Build.0 = Debug|Any CPU
		{AD897142-E69E-40FF-8A60-5DB7C5B956D8}.Release|Any CPU.ActiveCfg = Release|Any CPU
		{AD897142-E69E-40FF-8A60-5DB7C5B956D8}.Release|Any CPU.Build.0 = Release|Any CPU
		{AD897142-E69E-40FF-8A60-5DB7C5B956D8}.Release|x86.ActiveCfg = Release|Any CPU
		{AD897142-E69E-40FF-8A60-5DB7C5B956D8}.Release|x86.Build.0 = Release|Any CPU
		{741CD90C-6F5A-480C-A53F-8853F611790F}.Debug|Any CPU.ActiveCfg = Debug|Any CPU
		{741CD90C-6F5A-480C-A53F-8853F611790F}.Debug|Any CPU.Build.0 = Debug|Any CPU
		{741CD90C-6F5A-480C-A53F-8853F611790F}.Debug|x86.ActiveCfg = Debug|Any CPU
		{741CD90C-6F5A-480C-A53F-8853F611790F}.Debug|x86.Build.0 = Debug|Any CPU
		{741CD90C-6F5A-480C-A53F-8853F611790F}.Release|Any CPU.ActiveCfg = Release|Any CPU
		{741CD90C-6F5A-480C-A53F-8853F611790F}.Release|Any CPU.Build.0 = Release|Any CPU
		{741CD90C-6F5A-480C-A53F-8853F611790F}.Release|x86.ActiveCfg = Release|Any CPU
		{741CD90C-6F5A-480C-A53F-8853F611790F}.Release|x86.Build.0 = Release|Any CPU
		{F6C6A87F-F736-40EB-8B7B-A5E0AC6CA25E}.Debug|Any CPU.ActiveCfg = Debug|Any CPU
		{F6C6A87F-F736-40EB-8B7B-A5E0AC6CA25E}.Debug|Any CPU.Build.0 = Debug|Any CPU
		{F6C6A87F-F736-40EB-8B7B-A5E0AC6CA25E}.Debug|x86.ActiveCfg = Debug|Any CPU
		{F6C6A87F-F736-40EB-8B7B-A5E0AC6CA25E}.Debug|x86.Build.0 = Debug|Any CPU
		{F6C6A87F-F736-40EB-8B7B-A5E0AC6CA25E}.Release|Any CPU.ActiveCfg = Release|Any CPU
		{F6C6A87F-F736-40EB-8B7B-A5E0AC6CA25E}.Release|Any CPU.Build.0 = Release|Any CPU
		{F6C6A87F-F736-40EB-8B7B-A5E0AC6CA25E}.Release|x86.ActiveCfg = Release|Any CPU
		{F6C6A87F-F736-40EB-8B7B-A5E0AC6CA25E}.Release|x86.Build.0 = Release|Any CPU
		{6F782B26-D1AC-4FA0-9952-A6266FB441EA}.Debug|Any CPU.ActiveCfg = Debug|Any CPU
		{6F782B26-D1AC-4FA0-9952-A6266FB441EA}.Debug|Any CPU.Build.0 = Debug|Any CPU
		{6F782B26-D1AC-4FA0-9952-A6266FB441EA}.Debug|x86.ActiveCfg = Debug|Any CPU
		{6F782B26-D1AC-4FA0-9952-A6266FB441EA}.Debug|x86.Build.0 = Debug|Any CPU
		{6F782B26-D1AC-4FA0-9952-A6266FB441EA}.Release|Any CPU.ActiveCfg = Release|Any CPU
		{6F782B26-D1AC-4FA0-9952-A6266FB441EA}.Release|Any CPU.Build.0 = Release|Any CPU
		{6F782B26-D1AC-4FA0-9952-A6266FB441EA}.Release|x86.ActiveCfg = Release|Any CPU
		{6F782B26-D1AC-4FA0-9952-A6266FB441EA}.Release|x86.Build.0 = Release|Any CPU
		{D63E412D-A185-4205-9D5E-C68EF615C84A}.Debug|Any CPU.ActiveCfg = Debug|Any CPU
		{D63E412D-A185-4205-9D5E-C68EF615C84A}.Debug|Any CPU.Build.0 = Debug|Any CPU
		{D63E412D-A185-4205-9D5E-C68EF615C84A}.Debug|x86.ActiveCfg = Debug|Any CPU
		{D63E412D-A185-4205-9D5E-C68EF615C84A}.Debug|x86.Build.0 = Debug|Any CPU
		{D63E412D-A185-4205-9D5E-C68EF615C84A}.Release|Any CPU.ActiveCfg = Release|Any CPU
		{D63E412D-A185-4205-9D5E-C68EF615C84A}.Release|Any CPU.Build.0 = Release|Any CPU
		{D63E412D-A185-4205-9D5E-C68EF615C84A}.Release|x86.ActiveCfg = Release|Any CPU
		{D63E412D-A185-4205-9D5E-C68EF615C84A}.Release|x86.Build.0 = Release|Any CPU
		{F7976C6B-1478-4186-BC52-F068376B06D1}.Debug|Any CPU.ActiveCfg = Debug|Any CPU
		{F7976C6B-1478-4186-BC52-F068376B06D1}.Debug|Any CPU.Build.0 = Debug|Any CPU
		{F7976C6B-1478-4186-BC52-F068376B06D1}.Debug|x86.ActiveCfg = Debug|Any CPU
		{F7976C6B-1478-4186-BC52-F068376B06D1}.Debug|x86.Build.0 = Debug|Any CPU
		{F7976C6B-1478-4186-BC52-F068376B06D1}.Release|Any CPU.ActiveCfg = Release|Any CPU
		{F7976C6B-1478-4186-BC52-F068376B06D1}.Release|Any CPU.Build.0 = Release|Any CPU
		{F7976C6B-1478-4186-BC52-F068376B06D1}.Release|x86.ActiveCfg = Release|Any CPU
		{F7976C6B-1478-4186-BC52-F068376B06D1}.Release|x86.Build.0 = Release|Any CPU
		{24B4BCA4-5C44-46B8-973D-86DE475D1511}.Debug|Any CPU.ActiveCfg = Debug|Any CPU
		{24B4BCA4-5C44-46B8-973D-86DE475D1511}.Debug|Any CPU.Build.0 = Debug|Any CPU
		{24B4BCA4-5C44-46B8-973D-86DE475D1511}.Debug|x86.ActiveCfg = Debug|Any CPU
		{24B4BCA4-5C44-46B8-973D-86DE475D1511}.Debug|x86.Build.0 = Debug|Any CPU
		{24B4BCA4-5C44-46B8-973D-86DE475D1511}.Release|Any CPU.ActiveCfg = Release|Any CPU
		{24B4BCA4-5C44-46B8-973D-86DE475D1511}.Release|Any CPU.Build.0 = Release|Any CPU
		{24B4BCA4-5C44-46B8-973D-86DE475D1511}.Release|x86.ActiveCfg = Release|Any CPU
		{24B4BCA4-5C44-46B8-973D-86DE475D1511}.Release|x86.Build.0 = Release|Any CPU
		{9B472A24-745E-4199-BB47-8C7F4685E200}.Debug|Any CPU.ActiveCfg = Debug|Any CPU
		{9B472A24-745E-4199-BB47-8C7F4685E200}.Debug|Any CPU.Build.0 = Debug|Any CPU
		{9B472A24-745E-4199-BB47-8C7F4685E200}.Debug|x86.ActiveCfg = Debug|Any CPU
		{9B472A24-745E-4199-BB47-8C7F4685E200}.Debug|x86.Build.0 = Debug|Any CPU
		{9B472A24-745E-4199-BB47-8C7F4685E200}.Release|Any CPU.ActiveCfg = Release|Any CPU
		{9B472A24-745E-4199-BB47-8C7F4685E200}.Release|Any CPU.Build.0 = Release|Any CPU
		{9B472A24-745E-4199-BB47-8C7F4685E200}.Release|x86.ActiveCfg = Release|Any CPU
		{9B472A24-745E-4199-BB47-8C7F4685E200}.Release|x86.Build.0 = Release|Any CPU
		{ADD79892-F15B-4602-9C5E-CF0EC5D23D02}.Debug|Any CPU.ActiveCfg = Debug|Any CPU
		{ADD79892-F15B-4602-9C5E-CF0EC5D23D02}.Debug|Any CPU.Build.0 = Debug|Any CPU
		{ADD79892-F15B-4602-9C5E-CF0EC5D23D02}.Debug|x86.ActiveCfg = Debug|Any CPU
		{ADD79892-F15B-4602-9C5E-CF0EC5D23D02}.Debug|x86.Build.0 = Debug|Any CPU
		{ADD79892-F15B-4602-9C5E-CF0EC5D23D02}.Release|Any CPU.ActiveCfg = Release|Any CPU
		{ADD79892-F15B-4602-9C5E-CF0EC5D23D02}.Release|Any CPU.Build.0 = Release|Any CPU
		{ADD79892-F15B-4602-9C5E-CF0EC5D23D02}.Release|x86.ActiveCfg = Release|Any CPU
		{ADD79892-F15B-4602-9C5E-CF0EC5D23D02}.Release|x86.Build.0 = Release|Any CPU
	EndGlobalSection
	GlobalSection(SolutionProperties) = preSolution
		HideSolutionNode = FALSE
	EndGlobalSection
	GlobalSection(NestedProjects) = preSolution
		{9EE9E0F1-9E63-4E41-9F69-57A7F920DEED} = {EE81EC53-2AA0-42C8-8088-C5A43A239ECE}
		{3B689A3A-8C26-4728-AD2B-B2C7B9ED3F26} = {EE81EC53-2AA0-42C8-8088-C5A43A239ECE}
		{012AB149-1D59-471E-B8CE-0F51E7D200A5} = {EE81EC53-2AA0-42C8-8088-C5A43A239ECE}
		{05A7C601-AA27-4BBA-983E-A4603EB54D96} = {EE81EC53-2AA0-42C8-8088-C5A43A239ECE}
		{B03977E7-2C5D-4A0C-8791-49931BDE4376} = {EE81EC53-2AA0-42C8-8088-C5A43A239ECE}
		{F98822BA-BA23-4604-8617-B143273C8ED9} = {92663B1E-E161-41F9-BB7F-1B4768121755}
		{A5D839FE-B8EF-41D2-B2E6-EBEFAA426945} = {92663B1E-E161-41F9-BB7F-1B4768121755}
		{762910C9-2A82-4A30-AB6D-26A944934C00} = {92663B1E-E161-41F9-BB7F-1B4768121755}
		{6F46868D-D9A2-49DE-9C4D-25DA07EB178E} = {E6BB66A4-AF68-488D-A9C6-1BF58D045475}
		{707D31E0-1720-4F09-9E97-DA84DB259C8C} = {E6BB66A4-AF68-488D-A9C6-1BF58D045475}
		{87E018FC-6BC6-4CB9-8261-B5AF1B322FAE} = {E6BB66A4-AF68-488D-A9C6-1BF58D045475}
		{78B4A3D4-DEE7-4682-BEC6-DBC1B54C4F88} = {E6BB66A4-AF68-488D-A9C6-1BF58D045475}
		{F543034A-3A97-4858-85A6-F98357EA5FE4} = {E6BB66A4-AF68-488D-A9C6-1BF58D045475}
		{51955C6F-AFD7-442F-BB2D-9BA44FBFB847} = {92663B1E-E161-41F9-BB7F-1B4768121755}
		{ABBF32F6-4DA5-4726-81F3-AD68C3EBDB0D} = {92663B1E-E161-41F9-BB7F-1B4768121755}
		{AD897142-E69E-40FF-8A60-5DB7C5B956D8} = {92663B1E-E161-41F9-BB7F-1B4768121755}
		{741CD90C-6F5A-480C-A53F-8853F611790F} = {92663B1E-E161-41F9-BB7F-1B4768121755}
		{F6C6A87F-F736-40EB-8B7B-A5E0AC6CA25E} = {E6BB66A4-AF68-488D-A9C6-1BF58D045475}
		{6F782B26-D1AC-4FA0-9952-A6266FB441EA} = {E6BB66A4-AF68-488D-A9C6-1BF58D045475}
		{D63E412D-A185-4205-9D5E-C68EF615C84A} = {E6BB66A4-AF68-488D-A9C6-1BF58D045475}
		{F7976C6B-1478-4186-BC52-F068376B06D1} = {E6BB66A4-AF68-488D-A9C6-1BF58D045475}
		{24B4BCA4-5C44-46B8-973D-86DE475D1511} = {E6BB66A4-AF68-488D-A9C6-1BF58D045475}
		{9B472A24-745E-4199-BB47-8C7F4685E200} = {E6BB66A4-AF68-488D-A9C6-1BF58D045475}
		{ADD79892-F15B-4602-9C5E-CF0EC5D23D02} = {E6BB66A4-AF68-488D-A9C6-1BF58D045475}
	EndGlobalSection
	GlobalSection(ExtensibilityGlobals) = postSolution
		SolutionGuid = {8E22E37F-7B09-403F-BE54-AA0D739BC9AF}
	EndGlobalSection
EndGlobal
